{
  "version": 1,
  "dependencies": {
    "net8.0": {
      "HarfBuzzSharp": {
        "type": "Transitive",
        "resolved": "8.3.1.5",
        "contentHash": "K0+U7592Ne10BCuHZrZYIbaYUQy20CsYM9A3+Xjz3UpLPjs6nosbQtDYp2PueWJ7AQ5/htbyO8WqnUe+uf8AAQ==",
        "dependencies": {
          "HarfBuzzSharp.NativeAssets.Win32": "8.3.1.5",
          "HarfBuzzSharp.NativeAssets.macOS": "8.3.1.5"
        }
      },
      "HarfBuzzSharp.NativeAssets.macOS": {
        "type": "Transitive",
        "resolved": "8.3.1.5",
        "contentHash": "TWSbMOIBiGvCTnR2MUlmhnP92L7qwYmpDXSNOkYQUh6Iuc7W7Y3z/Q+X3N6scvbZbDmfbZjqbNUqDEz/JzpwBg=="
      },
      "HarfBuzzSharp.NativeAssets.Win32": {
        "type": "Transitive",
        "resolved": "8.3.1.5",
        "contentHash": "p95FW4SwP50qD4cq6e2/P5DP7As6c6aQU5qHvsdCKorX5GFLHUMIx/zQgiLvB871xQrhdN24sZyMbCufnTHvsQ=="
      },
      "SkiaSharp": {
        "type": "Transitive",
        "resolved": "3.119.2",
        "contentHash": "nmy2dOFWPvQKMglfpjz8+/xQQcSrL9jzul3cUyzCJVSwrmSAw+6B1sEgU7jt6NZBptwGq2k/V0kjyu2GizMFtg==",
        "dependencies": {
          "SkiaSharp.NativeAssets.Win32": "3.119.2",
          "SkiaSharp.NativeAssets.macOS": "3.119.2"
        }
      },
      "SkiaSharp.HarfBuzz": {
        "type": "Transitive",
        "resolved": "3.119.2",
        "contentHash": "/zabpNJYLU8k23N5JH92jGNNTrj/0CxbMbr/W/9aX9wzyTbypSKVo7/Pl6jVBZSqCI42vZAhv1akvV+SDiatzg==",
        "dependencies": {
          "HarfBuzzSharp": "8.3.1.3",
          "SkiaSharp": "3.119.2"
        }
      },
      "SkiaSharp.NativeAssets.macOS": {
        "type": "Transitive",
        "resolved": "3.119.2",
        "contentHash": "I2jMGQ/26KOnc6iAoR+Mxh9vSJJ2vioJyj9aJ9OL5yEZyXothXJxf4vBMqnSaiXMqiiU1scG7KqtT0CLkmMmWA=="
      },
      "SkiaSharp.NativeAssets.Win32": {
        "type": "Transitive",
        "resolved": "3.119.2",
        "contentHash": "uYe+da6+GXVgPKkCopzvIZ83DmC8SXXKeUAPrNcztJNsg0SjPQAxfKMOPZqmVjbzznrq/QUIjLUlJSZV/e0IPA=="
      },
      "System.Collections.Immutable": {
        "type": "Transitive",
        "resolved": "9.0.0",
        "contentHash": "QhkXUl2gNrQtvPmtBTQHb0YsUrDiDQ2QS09YbtTTiSjGcf7NBqtYbrG/BE06zcBPCKEwQGzIv13IVdXNOSub2w=="
      },
      "System.Formats.Nrbf": {
        "type": "Transitive",
        "resolved": "9.0.0",
        "contentHash": "F/6tNE+ckmdFeSQAyQo26bQOqfPFKEfZcuqnp4kBE6/7jP26diP+QTHCJJ6vpEfaY6bLy+hBLiIQUSxSmNwLkA==",
        "dependencies": {
          "System.Reflection.Metadata": "9.0.0"
        }
      },
      "System.IO.Hashing": {
        "type": "Transitive",
        "resolved": "9.0.0",
        "contentHash": "seeO8icDfED/Qwl9PDFUx2Gf/7xv7dPsMnw5PnRwNZuz4EWMpy0wIVohC4MfCcTIoJgp+KUrWG4WH3NPSusQOA=="
      },
      "System.IO.Packaging": {
        "type": "Transitive",
        "resolved": "10.0.2",
        "contentHash": "JTpM4z0wpoIHHDvlCU27HsXo+zVnpWib94HXQpzzr+jc/P9NYf4w353AK4MXyGq/grm1mbLi7eXsOsDU8sGmNg=="
      },
      "System.Reflection.Metadata": {
        "type": "Transitive",
        "resolved": "9.0.0",
        "contentHash": "ANiqLu3DxW9kol/hMmTWbt3414t9ftdIuiIU7j80okq2YzAueo120M442xk1kDJWtmZTqWQn7wHDvMRipVOEOQ==",
        "dependencies": {
          "System.Collections.Immutable": "9.0.0"
        }
      },
      "System.Resources.Extensions": {
        "type": "Transitive",
        "resolved": "9.0.0",
        "contentHash": "tvhuT1D2OwPROdL1kRWtaTJliQo0WdyhvwDpd8RM997G7m3Hya5nhbYhNTS75x6Vu+ypSOgL5qxDCn8IROtCxw==",
        "dependencies": {
          "System.Formats.Nrbf": "9.0.0"
        }
      },
      "Angri450.Nong.Bioicons": {
        "type": "Project"
      },
      "Angri450.Nong.ThirdParty": {
        "type": "Project",
        "dependencies": {
          "HarfBuzzSharp": "[8.3.1.5, )",
          "SkiaSharp": "[3.119.2, )",
          "SkiaSharp.HarfBuzz": "[3.119.2, )",
          "System.IO.Hashing": "[9.0.0, )",
          "System.IO.Packaging": "[10.0.2, )",
          "System.Resources.Extensions": "[9.0.0, )"
        }
      }
    }
  }
}